Microsoft Visual Studio Solution File, Format Version 12.00
# Visual Studio Version 17
VisualStudioVersion = 17.5.2.0
MinimumVisualStudioVersion = 10.0.40219.1
Project("{FAE04EC0-301F-11D3-BF4B-00C04F79EFBC}") = "ClassAttendanceSystem", "ClassAttendanceSystem.csproj", "{560AF51B-F3B3-63C4-936A-11ECC69A0768}"
EndProject
Global
	GlobalSection(SolutionConfigurationPlatforms) = preSolution
		Debug|Any CPU = Debug|Any CPU
		Release|Any CPU = Release|Any CPU
	EndGlobalSection
	GlobalSection(ProjectConfigurationPlatforms) = postSolution
		{560AF51B-F3B3-63C4-936A-11ECC69A0768}.Debug|Any CPU.ActiveCfg = Debug|Any CPU
		{560AF51B-F3B3-63C4-936A-11ECC69A0768}.Debug|Any CPU.Build.0 = Debug|Any CPU
		{560AF51B-F3B3-63C4-936A-11ECC69A0768}.Release|Any CPU.ActiveCfg = Release|Any CPU
		{560AF51B-F3B3-63C4-936A-11ECC69A0768}.Release|Any CPU.Build.0 = Release|Any CPU
	EndGlobalSection
	GlobalSection(SolutionProperties) = preSolution
		HideSolutionNode = FALSE
	EndGlobalSection
	GlobalSection(ExtensibilityGlobals) = postSolution
		SolutionGuid = {842DB82A-DD45-48B5-B67D-3F20BE7DBD7E}
	EndGlobalSection
EndGlobal
